
Microsoft Visual Studio Solution File, Format Version 12.00
# Visual Studio Version 17
VisualStudioVersion = 17.4.33110.190
MinimumVisualStudioVersion = 10.0.40219.1
Project("{FAE04EC0-301F-11D3-BF4B-00C04F79EFBC}") = "AtividadeDateTime", "AtividadeDateTime\AtividadeDateTime.csproj", "{CC4D9C2A-1319-4658-B11B-78DE802B3F79}"
EndProject
Global
	GlobalSection(SolutionConfigurationPlatforms) = preSolution
		Debug|Any CPU = Debug|Any CPU
		Release|Any CPU = Release|Any CPU
	EndGlobalSection
	GlobalSection(ProjectConfigurationPlatforms) = postSolution
		{CC4D9C2A-1319-4658-B11B-78DE802B3F79}.Debug|Any CPU.ActiveCfg = Debug|Any CPU
		{CC4D9C2A-1319-4658-B11B-78DE802B3F79}.Debug|Any CPU.Build.0 = Debug|Any CPU
		{CC4D9C2A-1319-4658-B11B-78DE802B3F79}.Release|Any CPU.ActiveCfg = Release|Any CPU
		{CC4D9C2A-1319-4658-B11B-78DE802B3F79}.Release|Any CPU.Build.0 = Release|Any CPU
	EndGlobalSection
	GlobalSection(SolutionProperties) = preSolution
		HideSolutionNode = FALSE
	EndGlobalSection
	GlobalSection(ExtensibilityGlobals) = postSolution
		SolutionGuid = {B7D25103-CD9F-41BD-B51C-DFA2133AFBF6}
	EndGlobalSection
EndGlobal
